
Microsoft Visual Studio Solution File, Format Version 12.00
# Visual Studio Version 17
VisualStudioVersion = 17.5.33530.505
MinimumVisualStudioVersion = 10.0.40219.1
Project("{9A19103F-16F7-4668-BE54-9A1E7A4F7556}") = "TickerService", "TickerService\TickerService.csproj", "{C6A09D90-ECD5-4741-BF7C-CE277A5884EA}"
EndProject
Project("{9A19103F-16F7-4668-BE54-9A1E7A4F7556}") = "TickerServer", "TickerServer\TickerServer.csproj", "{50DFFDB6-683F-4109-9959-AD7B8FDA6112}"
EndProject
Project("{9A19103F-16F7-4668-BE54-9A1E7A4F7556}") = "MessageObjects", "MessageObjects\MessageObjects.csproj", "{FDCD968C-3094-4058-8EA8-5FE34271011B}"
EndProject
Project("{FAE04EC0-301F-11D3-BF4B-00C04F79EFBC}") = "TickerServiceInterface", "TickerServiceInterface\TickerServiceInterface.csproj", "{00E6903B-0EDD-4422-AAEF-E620735AA2F5}"
EndProject
Project("{FAE04EC0-301F-11D3-BF4B-00C04F79EFBC}") = "TickerWpf", "TickerWpf\TickerWpf.csproj", "{9D7FC109-F5E6-44B6-B8E5-CA6EF4662656}"
EndProject
Global
	GlobalSection(SolutionConfigurationPlatforms) = preSolution
		Debug|Any CPU = Debug|Any CPU
		Release|Any CPU = Release|Any CPU
	EndGlobalSection
	GlobalSection(ProjectConfigurationPlatforms) = postSolution
		{C6A09D90-ECD5-4741-BF7C-CE277A5884EA}.Debug|Any CPU.ActiveCfg = Debug|Any CPU
		{C6A09D90-ECD5-4741-BF7C-CE277A5884EA}.Debug|Any CPU.Build.0 = Debug|Any CPU
		{C6A09D90-ECD5-4741-BF7C-CE277A5884EA}.Release|Any CPU.ActiveCfg = Release|Any CPU
		{C6A09D90-ECD5-4741-BF7C-CE277A5884EA}.Release|Any CPU.Build.0 = Release|Any CPU
		{50DFFDB6-683F-4109-9959-AD7B8FDA6112}.Debug|Any CPU.ActiveCfg = Debug|Any CPU
		{50DFFDB6-683F-4109-9959-AD7B8FDA6112}.Debug|Any CPU.Build.0 = Debug|Any CPU
		{50DFFDB6-683F-4109-9959-AD7B8FDA6112}.Release|Any CPU.ActiveCfg = Release|Any CPU
		{50DFFDB6-683F-4109-9959-AD7B8FDA6112}.Release|Any CPU.Build.0 = Release|Any CPU
		{FDCD968C-3094-4058-8EA8-5FE34271011B}.Debug|Any CPU.ActiveCfg = Debug|Any CPU
		{FDCD968C-3094-4058-8EA8-5FE34271011B}.Debug|Any CPU.Build.0 = Debug|Any CPU
		{FDCD968C-3094-4058-8EA8-5FE34271011B}.Release|Any CPU.ActiveCfg = Release|Any CPU
		{FDCD968C-3094-4058-8EA8-5FE34271011B}.Release|Any CPU.Build.0 = Release|Any CPU
		{00E6903B-0EDD-4422-AAEF-E620735AA2F5}.Debug|Any CPU.ActiveCfg = Debug|Any CPU
		{00E6903B-0EDD-4422-AAEF-E620735AA2F5}.Debug|Any CPU.Build.0 = Debug|Any CPU
		{00E6903B-0EDD-4422-AAEF-E620735AA2F5}.Release|Any CPU.ActiveCfg = Release|Any CPU
		{00E6903B-0EDD-4422-AAEF-E620735AA2F5}.Release|Any CPU.Build.0 = Release|Any CPU
		{9D7FC109-F5E6-44B6-B8E5-CA6EF4662656}.Debug|Any CPU.ActiveCfg = Debug|Any CPU
		{9D7FC109-F5E6-44B6-B8E5-CA6EF4662656}.Debug|Any CPU.Build.0 = Debug|Any CPU
		{9D7FC109-F5E6-44B6-B8E5-CA6EF4662656}.Release|Any CPU.ActiveCfg = Release|Any CPU
		{9D7FC109-F5E6-44B6-B8E5-CA6EF4662656}.Release|Any CPU.Build.0 = Release|Any CPU
	EndGlobalSection
	GlobalSection(SolutionProperties) = preSolution
		HideSolutionNode = FALSE
	EndGlobalSection
	GlobalSection(ExtensibilityGlobals) = postSolution
		SolutionGuid = {1D2B7643-8C2A-4751-BFB7-1197C56E0B32}
	EndGlobalSection
EndGlobal
